
Microsoft Visual Studio Solution File, Format Version 12.00
# Visual Studio 15
VisualStudioVersion = 15.0.28307.960
MinimumVisualStudioVersion = 10.0.40219.1
Project("{FAE04EC0-301F-11D3-BF4B-00C04F79EFBC}") = "eroller", "eroller\eroller.csproj", "{36C11962-AF91-43E0-BA79-57EB0D6E66EB}"
EndProject
Global
	GlobalSection(SolutionConfigurationPlatforms) = preSolution
		Debug|Any CPU = Debug|Any CPU
		Release|Any CPU = Release|Any CPU
	EndGlobalSection
	GlobalSection(ProjectConfigurationPlatforms) = postSolution
		{36C11962-AF91-43E0-BA79-57EB0D6E66EB}.Debug|Any CPU.ActiveCfg = Debug|Any CPU
		{36C11962-AF91-43E0-BA79-57EB0D6E66EB}.Debug|Any CPU.Build.0 = Debug|Any CPU
		{36C11962-AF91-43E0-BA79-57EB0D6E66EB}.Release|Any CPU.ActiveCfg = Release|Any CPU
		{36C11962-AF91-43E0-BA79-57EB0D6E66EB}.Release|Any CPU.Build.0 = Release|Any CPU
	EndGlobalSection
	GlobalSection(SolutionProperties) = preSolution
		HideSolutionNode = FALSE
	EndGlobalSection
	GlobalSection(ExtensibilityGlobals) = postSolution
		SolutionGuid = {0FF130B3-0B85-47DF-A18B-DF664CE378AE}
	EndGlobalSection
EndGlobal
